
Microsoft Visual Studio Solution File, Format Version 12.00
# Visual Studio Version 17
VisualStudioVersion = 17.3.32708.82
MinimumVisualStudioVersion = 10.0.40219.1
Project("{F2A71F9B-5D33-465A-A702-920D77279786}") = "Aoc22FSharp", "Aoc22FSharp\Aoc22FSharp.fsproj", "{6B8F3D02-1103-49C1-B93F-064013AD5B01}"
EndProject
Global
	GlobalSection(SolutionConfigurationPlatforms) = preSolution
		Debug|Any CPU = Debug|Any CPU
		Release|Any CPU = Release|Any CPU
	EndGlobalSection
	GlobalSection(ProjectConfigurationPlatforms) = postSolution
		{6B8F3D02-1103-49C1-B93F-064013AD5B01}.Debug|Any CPU.ActiveCfg = Debug|Any CPU
		{6B8F3D02-1103-49C1-B93F-064013AD5B01}.Debug|Any CPU.Build.0 = Debug|Any CPU
		{6B8F3D02-1103-49C1-B93F-064013AD5B01}.Release|Any CPU.ActiveCfg = Release|Any CPU
		{6B8F3D02-1103-49C1-B93F-064013AD5B01}.Release|Any CPU.Build.0 = Release|Any CPU
	EndGlobalSection
	GlobalSection(SolutionProperties) = preSolution
		HideSolutionNode = FALSE
	EndGlobalSection
	GlobalSection(ExtensibilityGlobals) = postSolution
		SolutionGuid = {34537DAB-D3C4-4C16-B883-E6EDC6702730}
	EndGlobalSection
EndGlobal
